
Microsoft Visual Studio Solution File, Format Version 12.00
# Visual Studio Version 17
VisualStudioVersion = 17.9.34518.117
MinimumVisualStudioVersion = 10.0.40219.1
Project("{9A19103F-16F7-4668-BE54-9A1E7A4F7556}") = "PolyglotCSharp", "PolyglotCSharp\PolyglotCSharp.csproj", "{EA2AC466-0E7F-463F-A7FB-24B84E953AC6}"
EndProject
Project("{9A19103F-16F7-4668-BE54-9A1E7A4F7556}") = "PolyglotCSharp.Tests", "PolyglotCSharp.Tests\PolyglotCSharp.Tests.csproj", "{62D5520E-FBED-4974-B21B-85273C2EE9EB}"
EndProject
Global
	GlobalSection(SolutionConfigurationPlatforms) = preSolution
		Debug|Any CPU = Debug|Any CPU
		Debug|x64 = Debug|x64
		Release|Any CPU = Release|Any CPU
		Release|x64 = Release|x64
	EndGlobalSection
	GlobalSection(ProjectConfigurationPlatforms) = postSolution
		{EA2AC466-0E7F-463F-A7FB-24B84E953AC6}.Debug|Any CPU.ActiveCfg = Debug|Any CPU
		{EA2AC466-0E7F-463F-A7FB-24B84E953AC6}.Debug|Any CPU.Build.0 = Debug|Any CPU
		{EA2AC466-0E7F-463F-A7FB-24B84E953AC6}.Debug|x64.ActiveCfg = Debug|x64
		{EA2AC466-0E7F-463F-A7FB-24B84E953AC6}.Debug|x64.Build.0 = Debug|x64
		{EA2AC466-0E7F-463F-A7FB-24B84E953AC6}.Release|Any CPU.ActiveCfg = Release|Any CPU
		{EA2AC466-0E7F-463F-A7FB-24B84E953AC6}.Release|Any CPU.Build.0 = Release|Any CPU
		{EA2AC466-0E7F-463F-A7FB-24B84E953AC6}.Release|x64.ActiveCfg = Release|x64
		{EA2AC466-0E7F-463F-A7FB-24B84E953AC6}.Release|x64.Build.0 = Release|x64
		{62D5520E-FBED-4974-B21B-85273C2EE9EB}.Debug|Any CPU.ActiveCfg = Debug|Any CPU
		{62D5520E-FBED-4974-B21B-85273C2EE9EB}.Debug|Any CPU.Build.0 = Debug|Any CPU
		{62D5520E-FBED-4974-B21B-85273C2EE9EB}.Debug|x64.ActiveCfg = Debug|Any CPU
		{62D5520E-FBED-4974-B21B-85273C2EE9EB}.Debug|x64.Build.0 = Debug|Any CPU
		{62D5520E-FBED-4974-B21B-85273C2EE9EB}.Release|Any CPU.ActiveCfg = Release|Any CPU
		{62D5520E-FBED-4974-B21B-85273C2EE9EB}.Release|Any CPU.Build.0 = Release|Any CPU
		{62D5520E-FBED-4974-B21B-85273C2EE9EB}.Release|x64.ActiveCfg = Release|Any CPU
		{62D5520E-FBED-4974-B21B-85273C2EE9EB}.Release|x64.Build.0 = Release|Any CPU
	EndGlobalSection
	GlobalSection(SolutionProperties) = preSolution
		HideSolutionNode = FALSE
	EndGlobalSection
	GlobalSection(ExtensibilityGlobals) = postSolution
		SolutionGuid = {ACE228A1-70CD-4FB3-9161-78FBFCEDD2DD}
	EndGlobalSection
EndGlobal
